
Microsoft Visual Studio Solution File, Format Version 12.00
# Visual Studio 15
VisualStudioVersion = 15.0.27428.2037
MinimumVisualStudioVersion = 10.0.40219.1
Project("{888888A0-9F3D-457C-B088-3A5042F75D52}") = "CountingValleys", "CountingValleys\CountingValleys.pyproj", "{804122E0-14B7-4BFE-B7E0-259F4C472F4D}"
EndProject
Global
	GlobalSection(SolutionConfigurationPlatforms) = preSolution
		Debug|Any CPU = Debug|Any CPU
		Release|Any CPU = Release|Any CPU
	EndGlobalSection
	GlobalSection(ProjectConfigurationPlatforms) = postSolution
		{804122E0-14B7-4BFE-B7E0-259F4C472F4D}.Debug|Any CPU.ActiveCfg = Debug|Any CPU
		{804122E0-14B7-4BFE-B7E0-259F4C472F4D}.Release|Any CPU.ActiveCfg = Release|Any CPU
	EndGlobalSection
	GlobalSection(SolutionProperties) = preSolution
		HideSolutionNode = FALSE
	EndGlobalSection
	GlobalSection(ExtensibilityGlobals) = postSolution
		SolutionGuid = {F62CA5E1-592B-4FA4-8BA3-574771FC2575}
	EndGlobalSection
EndGlobal
